// !$*UTF8*$!
{
	archiveVersion = 1;
	classes = {
	};
	objectVersion = 56;
	objects = {

/* Begin PBXBuildFile section */
		55A8FA472D561C1800CB426A /* Requester.swift in Sources */ = {isa = PBXBuildFile; fileRef = 55A8FA462D561C1800CB426A /* Requester.swift */; };
		55A8FA4E2D56299200CB426A /* CATAAS.swift in Sources */ = {isa = PBXBuildFile; fileRef = 55A8FA4D2D56299200CB426A /* CATAAS.swift */; };
		55A8FA502D562A2E00CB426A /* CATAAS+Service.swift in Sources */ = {isa = PBXBuildFile; fileRef = 55A8FA4F2D562A2E00CB426A /* CATAAS+Service.swift */; };
		55A8FA522D562A8B00CB426A /* CATAAS+URLBuilder.swift in Sources */ = {isa = PBXBuildFile; fileRef = 55A8FA512D562A8B00CB426A /* CATAAS+URLBuilder.swift */; };
		55A8FA572D562B6800CB426A /* Requester+Error.swift in Sources */ = {isa = PBXBuildFile; fileRef = 55A8FA562D562B6800CB426A /* Requester+Error.swift */; };
		55A8FA592D562BD300CB426A /* LoadingView.swift in Sources */ = {isa = PBXBuildFile; fileRef = 55A8FA582D562BD300CB426A /* LoadingView.swift */; };
		55A8FA5B2D562BE700CB426A /* ErrorView.swift in Sources */ = {isa = PBXBuildFile; fileRef = 55A8FA5A2D562BE700CB426A /* ErrorView.swift */; };
		55A8FA5E2D562D2300CB426A /* CatResponse.swift in Sources */ = {isa = PBXBuildFile; fileRef = 55A8FA5D2D562D2300CB426A /* CatResponse.swift */; };
		55A8FA602D562F9E00CB426A /* CatsListViewModel.swift in Sources */ = {isa = PBXBuildFile; fileRef = 55A8FA5F2D562F9E00CB426A /* CatsListViewModel.swift */; };
		55A8FA622D56316C00CB426A /* CatsListPreviewViewModel.swift in Sources */ = {isa = PBXBuildFile; fileRef = 55A8FA612D56316C00CB426A /* CatsListPreviewViewModel.swift */; };
		55A8FA642D5632AA00CB426A /* CatDetailViewModel.swift in Sources */ = {isa = PBXBuildFile; fileRef = 55A8FA632D5632AA00CB426A /* CatDetailViewModel.swift */; };
		55A8FA662D56332A00CB426A /* CatDetailPreviewViewModel.swift in Sources */ = {isa = PBXBuildFile; fileRef = 55A8FA652D56332A00CB426A /* CatDetailPreviewViewModel.swift */; };
		55A8FA6A2D563D5100CB426A /* CATAAS+Error.swift in Sources */ = {isa = PBXBuildFile; fileRef = 55A8FA692D563D5100CB426A /* CATAAS+Error.swift */; };
		55A8FA6C2D563FD700CB426A /* Launch Screen.storyboard in Resources */ = {isa = PBXBuildFile; fileRef = 55A8FA6B2D563FD700CB426A /* Launch Screen.storyboard */; };
		55A8FA6E2D564F4A00CB426A /* CATAASCaching.swift in Sources */ = {isa = PBXBuildFile; fileRef = 55A8FA6D2D564F4A00CB426A /* CATAASCaching.swift */; };
		55A8FA702D56552600CB426A /* CatsListViewState.swift in Sources */ = {isa = PBXBuildFile; fileRef = 55A8FA6F2D56552600CB426A /* CatsListViewState.swift */; };
		55A8FA722D56642B00CB426A /* CatDetailViewState.swift in Sources */ = {isa = PBXBuildFile; fileRef = 55A8FA712D56642B00CB426A /* CatDetailViewState.swift */; };
		55F054EE2D5577F5002A5940 /* MyCatsApp.swift in Sources */ = {isa = PBXBuildFile; fileRef = 55F054ED2D5577F5002A5940 /* MyCatsApp.swift */; };
		55F054F02D5577F5002A5940 /* ContentView.swift in Sources */ = {isa = PBXBuildFile; fileRef = 55F054EF2D5577F5002A5940 /* ContentView.swift */; };
		55F054F42D5577F5002A5940 /* Assets.xcassets in Resources */ = {isa = PBXBuildFile; fileRef = 55F054F32D5577F5002A5940 /* Assets.xcassets */; };
		55F054F72D5577F5002A5940 /* Preview Assets.xcassets in Resources */ = {isa = PBXBuildFile; fileRef = 55F054F62D5577F5002A5940 /* Preview Assets.xcassets */; };
		55F0551D2D557BC1002A5940 /* CatsListView.swift in Sources */ = {isa = PBXBuildFile; fileRef = 55F0551C2D557BC1002A5940 /* CatsListView.swift */; };
		55F055212D557CB6002A5940 /* CatsListNetworkViewModel.swift in Sources */ = {isa = PBXBuildFile; fileRef = 55F055202D557CB6002A5940 /* CatsListNetworkViewModel.swift */; };
		55F055242D557CD5002A5940 /* CatModel.swift in Sources */ = {isa = PBXBuildFile; fileRef = 55F055232D557CD5002A5940 /* CatModel.swift */; };
		55F0552A2D5580DF002A5940 /* Cat+PreviewSamples.swift in Sources */ = {isa = PBXBuildFile; fileRef = 55F055292D5580DF002A5940 /* Cat+PreviewSamples.swift */; };
		55F0552C2D558153002A5940 /* CatsListViewFactory.swift in Sources */ = {isa = PBXBuildFile; fileRef = 55F0552B2D558153002A5940 /* CatsListViewFactory.swift */; };
		55F0552E2D5586DF002A5940 /* View+RoundedBorder.swift in Sources */ = {isa = PBXBuildFile; fileRef = 55F0552D2D5586DF002A5940 /* View+RoundedBorder.swift */; };
		55F055332D558E69002A5940 /* CatDetailNetworkViewModel.swift in Sources */ = {isa = PBXBuildFile; fileRef = 55F055322D558E69002A5940 /* CatDetailNetworkViewModel.swift */; };
		55F055352D558E7B002A5940 /* CatDetailView.swift in Sources */ = {isa = PBXBuildFile; fileRef = 55F055342D558E7B002A5940 /* CatDetailView.swift */; };
		55F055372D558EAB002A5940 /* CatDetailViewFactory.swift in Sources */ = {isa = PBXBuildFile; fileRef = 55F055362D558EAB002A5940 /* CatDetailViewFactory.swift */; };
		55F055392D558FA4002A5940 /* CatModel+Identifiable.swift in Sources */ = {isa = PBXBuildFile; fileRef = 55F055382D558FA4002A5940 /* CatModel+Identifiable.swift */; };
		55F0553C2D558FDD002A5940 /* TagView.swift in Sources */ = {isa = PBXBuildFile; fileRef = 55F0553B2D558FDD002A5940 /* TagView.swift */; };
		55F0553E2D55900D002A5940 /* TagCloudView.swift in Sources */ = {isa = PBXBuildFile; fileRef = 55F0553D2D55900D002A5940 /* TagCloudView.swift */; };
		55F055402D559298002A5940 /* SearchableTextFieldView.swift in Sources */ = {isa = PBXBuildFile; fileRef = 55F0553F2D559298002A5940 /* SearchableTextFieldView.swift */; };
/* End PBXBuildFile section */

/* Begin PBXFileReference section */
		55A8FA462D561C1800CB426A /* Requester.swift */ = {isa = PBXFileReference; lastKnownFileType = sourcecode.swift; path = Requester.swift; sourceTree = "<group>"; };
		55A8FA4D2D56299200CB426A /* CATAAS.swift */ = {isa = PBXFileReference; lastKnownFileType = sourcecode.swift; path = CATAAS.swift; sourceTree = "<group>"; };
		55A8FA4F2D562A2E00CB426A /* CATAAS+Service.swift */ = {isa = PBXFileReference; lastKnownFileType = sourcecode.swift; path = "CATAAS+Service.swift"; sourceTree = "<group>"; };
		55A8FA512D562A8B00CB426A /* CATAAS+URLBuilder.swift */ = {isa = PBXFileReference; lastKnownFileType = sourcecode.swift; path = "CATAAS+URLBuilder.swift"; sourceTree = "<group>"; };
		55A8FA562D562B6800CB426A /* Requester+Error.swift */ = {isa = PBXFileReference; lastKnownFileType = sourcecode.swift; path = "Requester+Error.swift"; sourceTree = "<group>"; };
		55A8FA582D562BD300CB426A /* LoadingView.swift */ = {isa = PBXFileReference; lastKnownFileType = sourcecode.swift; path = LoadingView.swift; sourceTree = "<group>"; };
		55A8FA5A2D562BE700CB426A /* ErrorView.swift */ = {isa = PBXFileReference; lastKnownFileType = sourcecode.swift; path = ErrorView.swift; sourceTree = "<group>"; };
		55A8FA5D2D562D2300CB426A /* CatResponse.swift */ = {isa = PBXFileReference; lastKnownFileType = sourcecode.swift; path = CatResponse.swift; sourceTree = "<group>"; };
		55A8FA5F2D562F9E00CB426A /* CatsListViewModel.swift */ = {isa = PBXFileReference; lastKnownFileType = sourcecode.swift; path = CatsListViewModel.swift; sourceTree = "<group>"; };
		55A8FA612D56316C00CB426A /* CatsListPreviewViewModel.swift */ = {isa = PBXFileReference; lastKnownFileType = sourcecode.swift; path = CatsListPreviewViewModel.swift; sourceTree = "<group>"; };
		55A8FA632D5632AA00CB426A /* CatDetailViewModel.swift */ = {isa = PBXFileReference; lastKnownFileType = sourcecode.swift; path = CatDetailViewModel.swift; sourceTree = "<group>"; };
		55A8FA652D56332A00CB426A /* CatDetailPreviewViewModel.swift */ = {isa = PBXFileReference; lastKnownFileType = sourcecode.swift; path = CatDetailPreviewViewModel.swift; sourceTree = "<group>"; };
		55A8FA692D563D5100CB426A /* CATAAS+Error.swift */ = {isa = PBXFileReference; lastKnownFileType = sourcecode.swift; path = "CATAAS+Error.swift"; sourceTree = "<group>"; };
		55A8FA6B2D563FD700CB426A /* Launch Screen.storyboard */ = {isa = PBXFileReference; lastKnownFileType = file.storyboard; path = "Launch Screen.storyboard"; sourceTree = "<group>"; };
		55A8FA6D2D564F4A00CB426A /* CATAASCaching.swift */ = {isa = PBXFileReference; lastKnownFileType = sourcecode.swift; path = CATAASCaching.swift; sourceTree = "<group>"; };
		55A8FA6F2D56552600CB426A /* CatsListViewState.swift */ = {isa = PBXFileReference; lastKnownFileType = sourcecode.swift; path = CatsListViewState.swift; sourceTree = "<group>"; };
		55A8FA712D56642B00CB426A /* CatDetailViewState.swift */ = {isa = PBXFileReference; lastKnownFileType = sourcecode.swift; path = CatDetailViewState.swift; sourceTree = "<group>"; };
		55F054EA2D5577F5002A5940 /* MyCats.app */ = {isa = PBXFileReference; explicitFileType = wrapper.application; includeInIndex = 0; path = MyCats.app; sourceTree = BUILT_PRODUCTS_DIR; };
		55F054ED2D5577F5002A5940 /* MyCatsApp.swift */ = {isa = PBXFileReference; lastKnownFileType = sourcecode.swift; path = MyCatsApp.swift; sourceTree = "<group>"; };
		55F054EF2D5577F5002A5940 /* ContentView.swift */ = {isa = PBXFileReference; lastKnownFileType = sourcecode.swift; path = ContentView.swift; sourceTree = "<group>"; };
		55F054F32D5577F5002A5940 /* Assets.xcassets */ = {isa = PBXFileReference; lastKnownFileType = folder.assetcatalog; path = Assets.xcassets; sourceTree = "<group>"; };
		55F054F62D5577F5002A5940 /* Preview Assets.xcassets */ = {isa = PBXFileReference; lastKnownFileType = folder.assetcatalog; path = "Preview Assets.xcassets"; sourceTree = "<group>"; };
		55F0551C2D557BC1002A5940 /* CatsListView.swift */ = {isa = PBXFileReference; lastKnownFileType = sourcecode.swift; path = CatsListView.swift; sourceTree = "<group>"; };
		55F055202D557CB6002A5940 /* CatsListNetworkViewModel.swift */ = {isa = PBXFileReference; lastKnownFileType = sourcecode.swift; path = CatsListNetworkViewModel.swift; sourceTree = "<group>"; };
		55F055232D557CD5002A5940 /* CatModel.swift */ = {isa = PBXFileReference; lastKnownFileType = sourcecode.swift; path = CatModel.swift; sourceTree = "<group>"; };
		55F055292D5580DF002A5940 /* Cat+PreviewSamples.swift */ = {isa = PBXFileReference; lastKnownFileType = sourcecode.swift; path = "Cat+PreviewSamples.swift"; sourceTree = "<group>"; };
		55F0552B2D558153002A5940 /* CatsListViewFactory.swift */ = {isa = PBXFileReference; lastKnownFileType = sourcecode.swift; path = CatsListViewFactory.swift; sourceTree = "<group>"; };
		55F0552D2D5586DF002A5940 /* View+RoundedBorder.swift */ = {isa = PBXFileReference; lastKnownFileType = sourcecode.swift; path = "View+RoundedBorder.swift"; sourceTree = "<group>"; };
		55F055322D558E69002A5940 /* CatDetailNetworkViewModel.swift */ = {isa = PBXFileReference; lastKnownFileType = sourcecode.swift; path = CatDetailNetworkViewModel.swift; sourceTree = "<group>"; };
		55F055342D558E7B002A5940 /* CatDetailView.swift */ = {isa = PBXFileReference; lastKnownFileType = sourcecode.swift; path = CatDetailView.swift; sourceTree = "<group>"; };
		55F055362D558EAB002A5940 /* CatDetailViewFactory.swift */ = {isa = PBXFileReference; lastKnownFileType = sourcecode.swift; path = CatDetailViewFactory.swift; sourceTree = "<group>"; };
		55F055382D558FA4002A5940 /* CatModel+Identifiable.swift */ = {isa = PBXFileReference; lastKnownFileType = sourcecode.swift; path = "CatModel+Identifiable.swift"; sourceTree = "<group>"; };
		55F0553B2D558FDD002A5940 /* TagView.swift */ = {isa = PBXFileReference; lastKnownFileType = sourcecode.swift; path = TagView.swift; sourceTree = "<group>"; };
		55F0553D2D55900D002A5940 /* TagCloudView.swift */ = {isa = PBXFileReference; lastKnownFileType = sourcecode.swift; path = TagCloudView.swift; sourceTree = "<group>"; };
		55F0553F2D559298002A5940 /* SearchableTextFieldView.swift */ = {isa = PBXFileReference; lastKnownFileType = sourcecode.swift; path = SearchableTextFieldView.swift; sourceTree = "<group>"; };
/* End PBXFileReference section */

/* Begin PBXFrameworksBuildPhase section */
		55F054E72D5577F4002A5940 /* Frameworks */ = {
			isa = PBXFrameworksBuildPhase;
			buildActionMask = 2147483647;
			files = (
			);
			runOnlyForDeploymentPostprocessing = 0;
		};
/* End PBXFrameworksBuildPhase section */

/* Begin PBXGroup section */
		55A8FA452D561BFD00CB426A /* Services */ = {
			isa = PBXGroup;
			children = (
				55A8FA5C2D562D1800CB426A /* Models */,
				55A8FA552D562B4F00CB426A /* Requester */,
				55A8FA4C2D56297B00CB426A /* CATAAS */,
			);
			path = Services;
			sourceTree = "<group>";
		};
		55A8FA4C2D56297B00CB426A /* CATAAS */ = {
			isa = PBXGroup;
			children = (
				55A8FA4D2D56299200CB426A /* CATAAS.swift */,
				55A8FA4F2D562A2E00CB426A /* CATAAS+Service.swift */,
				55A8FA512D562A8B00CB426A /* CATAAS+URLBuilder.swift */,
				55A8FA692D563D5100CB426A /* CATAAS+Error.swift */,
				55A8FA6D2D564F4A00CB426A /* CATAASCaching.swift */,
			);
			path = CATAAS;
			sourceTree = "<group>";
		};
		55A8FA552D562B4F00CB426A /* Requester */ = {
			isa = PBXGroup;
			children = (
				55A8FA462D561C1800CB426A /* Requester.swift */,
				55A8FA562D562B6800CB426A /* Requester+Error.swift */,
			);
			path = Requester;
			sourceTree = "<group>";
		};
		55A8FA5C2D562D1800CB426A /* Models */ = {
			isa = PBXGroup;
			children = (
				55A8FA5D2D562D2300CB426A /* CatResponse.swift */,
			);
			path = Models;
			sourceTree = "<group>";
		};
		55F054E12D5577F4002A5940 = {
			isa = PBXGroup;
			children = (
				55F054EC2D5577F5002A5940 /* MyCats */,
				55F054EB2D5577F5002A5940 /* Products */,
			);
			sourceTree = "<group>";
		};
		55F054EB2D5577F5002A5940 /* Products */ = {
			isa = PBXGroup;
			children = (
				55F054EA2D5577F5002A5940 /* MyCats.app */,
			);
			name = Products;
			sourceTree = "<group>";
		};
		55F054EC2D5577F5002A5940 /* MyCats */ = {
			isa = PBXGroup;
			children = (
				55A8FA6B2D563FD700CB426A /* Launch Screen.storyboard */,
				55A8FA452D561BFD00CB426A /* Services */,
				55F0553A2D558FD3002A5940 /* Components */,
				55F055282D558078002A5940 /* PreviewSamples */,
				55F055252D557F6C002A5940 /* Extensions */,
				55F055222D557CC9002A5940 /* Models */,
				55F0551A2D557814002A5940 /* Modules */,
				55F054ED2D5577F5002A5940 /* MyCatsApp.swift */,
				55F054EF2D5577F5002A5940 /* ContentView.swift */,
				55F054F32D5577F5002A5940 /* Assets.xcassets */,
				55F054F52D5577F5002A5940 /* Preview Content */,
			);
			path = MyCats;
			sourceTree = "<group>";
		};
		55F054F52D5577F5002A5940 /* Preview Content */ = {
			isa = PBXGroup;
			children = (
				55F054F62D5577F5002A5940 /* Preview Assets.xcassets */,
			);
			path = "Preview Content";
			sourceTree = "<group>";
		};
		55F0551A2D557814002A5940 /* Modules */ = {
			isa = PBXGroup;
			children = (
				55F0552F2D558E4C002A5940 /* CatDetail */,
				55F0551B2D55781D002A5940 /* CatsList */,
			);
			path = Modules;
			sourceTree = "<group>";
		};
		55F0551B2D55781D002A5940 /* CatsList */ = {
			isa = PBXGroup;
			children = (
				55F0551E2D557C9F002A5940 /* View */,
				55F0552B2D558153002A5940 /* CatsListViewFactory.swift */,
			);
			path = CatsList;
			sourceTree = "<group>";
		};
		55F0551E2D557C9F002A5940 /* View */ = {
			isa = PBXGroup;
			children = (
				55F0551C2D557BC1002A5940 /* CatsListView.swift */,
				55F0551F2D557CA4002A5940 /* ViewModel */,
				55A8FA6F2D56552600CB426A /* CatsListViewState.swift */,
			);
			path = View;
			sourceTree = "<group>";
		};
		55F0551F2D557CA4002A5940 /* ViewModel */ = {
			isa = PBXGroup;
			children = (
				55F055202D557CB6002A5940 /* CatsListNetworkViewModel.swift */,
				55A8FA612D56316C00CB426A /* CatsListPreviewViewModel.swift */,
				55A8FA5F2D562F9E00CB426A /* CatsListViewModel.swift */,
			);
			path = ViewModel;
			sourceTree = "<group>";
		};
		55F055222D557CC9002A5940 /* Models */ = {
			isa = PBXGroup;
			children = (
				55F055232D557CD5002A5940 /* CatModel.swift */,
			);
			path = Models;
			sourceTree = "<group>";
		};
		55F055252D557F6C002A5940 /* Extensions */ = {
			isa = PBXGroup;
			children = (
				55F055292D5580DF002A5940 /* Cat+PreviewSamples.swift */,
				55F0552D2D5586DF002A5940 /* View+RoundedBorder.swift */,
				55F055382D558FA4002A5940 /* CatModel+Identifiable.swift */,
			);
			path = Extensions;
			sourceTree = "<group>";
		};
		55F055282D558078002A5940 /* PreviewSamples */ = {
			isa = PBXGroup;
			children = (
			);
			path = PreviewSamples;
			sourceTree = "<group>";
		};
		55F0552F2D558E4C002A5940 /* CatDetail */ = {
			isa = PBXGroup;
			children = (
				55F055302D558E56002A5940 /* View */,
				55F055362D558EAB002A5940 /* CatDetailViewFactory.swift */,
			);
			path = CatDetail;
			sourceTree = "<group>";
		};
		55F055302D558E56002A5940 /* View */ = {
			isa = PBXGroup;
			children = (
				55F055312D558E5F002A5940 /* ViewModel */,
				55F055342D558E7B002A5940 /* CatDetailView.swift */,
				55A8FA712D56642B00CB426A /* CatDetailViewState.swift */,
			);
			path = View;
			sourceTree = "<group>";
		};
		55F055312D558E5F002A5940 /* ViewModel */ = {
			isa = PBXGroup;
			children = (
				55F055322D558E69002A5940 /* CatDetailNetworkViewModel.swift */,
				55A8FA652D56332A00CB426A /* CatDetailPreviewViewModel.swift */,
				55A8FA632D5632AA00CB426A /* CatDetailViewModel.swift */,
			);
			path = ViewModel;
			sourceTree = "<group>";
		};
		55F0553A2D558FD3002A5940 /* Components */ = {
			isa = PBXGroup;
			children = (
				55F0553B2D558FDD002A5940 /* TagView.swift */,
				55F0553D2D55900D002A5940 /* TagCloudView.swift */,
				55F0553F2D559298002A5940 /* SearchableTextFieldView.swift */,
				55A8FA582D562BD300CB426A /* LoadingView.swift */,
				55A8FA5A2D562BE700CB426A /* ErrorView.swift */,
			);
			path = Components;
			sourceTree = "<group>";
		};
/* End PBXGroup section */

/* Begin PBXNativeTarget section */
		55F054E92D5577F4002A5940 /* MyCats */ = {
			isa = PBXNativeTarget;
			buildConfigurationList = 55F055102D5577F5002A5940 /* Build configuration list for PBXNativeTarget "MyCats" */;
			buildPhases = (
				55F054E62D5577F4002A5940 /* Sources */,
				55F054E72D5577F4002A5940 /* Frameworks */,
				55F054E82D5577F4002A5940 /* Resources */,
			);
			buildRules = (
			);
			dependencies = (
			);
			name = MyCats;
			productName = MyCats;
			productReference = 55F054EA2D5577F5002A5940 /* MyCats.app */;
			productType = "com.apple.product-type.application";
		};
/* End PBXNativeTarget section */

/* Begin PBXProject section */
		55F054E22D5577F4002A5940 /* Project object */ = {
			isa = PBXProject;
			attributes = {
				BuildIndependentTargetsInParallel = 1;
				LastSwiftUpdateCheck = 1510;
				LastUpgradeCheck = 1510;
				TargetAttributes = {
					55F054E92D5577F4002A5940 = {
						CreatedOnToolsVersion = 15.1;
					};
				};
			};
			buildConfigurationList = 55F054E52D5577F4002A5940 /* Build configuration list for PBXProject "MyCats" */;
			compatibilityVersion = "Xcode 14.0";
			developmentRegion = en;
			hasScannedForEncodings = 0;
			knownRegions = (
				en,
				Base,
			);
			mainGroup = 55F054E12D5577F4002A5940;
			productRefGroup = 55F054EB2D5577F5002A5940 /* Products */;
			projectDirPath = "";
			projectRoot = "";
			targets = (
				55F054E92D5577F4002A5940 /* MyCats */,
			);
		};
/* End PBXProject section */

/* Begin PBXResourcesBuildPhase section */
		55F054E82D5577F4002A5940 /* Resources */ = {
			isa = PBXResourcesBuildPhase;
			buildActionMask = 2147483647;
			files = (
				55A8FA6C2D563FD700CB426A /* Launch Screen.storyboard in Resources */,
				55F054F72D5577F5002A5940 /* Preview Assets.xcassets in Resources */,
				55F054F42D5577F5002A5940 /* Assets.xcassets in Resources */,
			);
			runOnlyForDeploymentPostprocessing = 0;
		};
/* End PBXResourcesBuildPhase section */

/* Begin PBXSourcesBuildPhase section */
		55F054E62D5577F4002A5940 /* Sources */ = {
			isa = PBXSourcesBuildPhase;
			buildActionMask = 2147483647;
			files = (
				55F055242D557CD5002A5940 /* CatModel.swift in Sources */,
				55A8FA642D5632AA00CB426A /* CatDetailViewModel.swift in Sources */,
				55A8FA6A2D563D5100CB426A /* CATAAS+Error.swift in Sources */,
				55A8FA4E2D56299200CB426A /* CATAAS.swift in Sources */,
				55A8FA5E2D562D2300CB426A /* CatResponse.swift in Sources */,
				55F055372D558EAB002A5940 /* CatDetailViewFactory.swift in Sources */,
				55A8FA502D562A2E00CB426A /* CATAAS+Service.swift in Sources */,
				55A8FA602D562F9E00CB426A /* CatsListViewModel.swift in Sources */,
				55A8FA522D562A8B00CB426A /* CATAAS+URLBuilder.swift in Sources */,
				55F0552E2D5586DF002A5940 /* View+RoundedBorder.swift in Sources */,
				55A8FA662D56332A00CB426A /* CatDetailPreviewViewModel.swift in Sources */,
				55A8FA5B2D562BE700CB426A /* ErrorView.swift in Sources */,
				55F055402D559298002A5940 /* SearchableTextFieldView.swift in Sources */,
				55A8FA722D56642B00CB426A /* CatDetailViewState.swift in Sources */,
				55A8FA472D561C1800CB426A /* Requester.swift in Sources */,
				55F0552C2D558153002A5940 /* CatsListViewFactory.swift in Sources */,
				55F054F02D5577F5002A5940 /* ContentView.swift in Sources */,
				55A8FA572D562B6800CB426A /* Requester+Error.swift in Sources */,
				55A8FA6E2D564F4A00CB426A /* CATAASCaching.swift in Sources */,
				55F055332D558E69002A5940 /* CatDetailNetworkViewModel.swift in Sources */,
				55A8FA702D56552600CB426A /* CatsListViewState.swift in Sources */,
				55F055392D558FA4002A5940 /* CatModel+Identifiable.swift in Sources */,
				55F055212D557CB6002A5940 /* CatsListNetworkViewModel.swift in Sources */,
				55F0552A2D5580DF002A5940 /* Cat+PreviewSamples.swift in Sources */,
				55F0553E2D55900D002A5940 /* TagCloudView.swift in Sources */,
				55F0553C2D558FDD002A5940 /* TagView.swift in Sources */,
				55F054EE2D5577F5002A5940 /* MyCatsApp.swift in Sources */,
				55F0551D2D557BC1002A5940 /* CatsListView.swift in Sources */,
				55F055352D558E7B002A5940 /* CatDetailView.swift in Sources */,
				55A8FA622D56316C00CB426A /* CatsListPreviewViewModel.swift in Sources */,
				55A8FA592D562BD300CB426A /* LoadingView.swift in Sources */,
			);
			runOnlyForDeploymentPostprocessing = 0;
		};
/* End PBXSourcesBuildPhase section */

/* Begin XCBuildConfiguration section */
		55F0550E2D5577F5002A5940 /* Debug */ = {
			isa = XCBuildConfiguration;
			buildSettings = {
				ALWAYS_SEARCH_USER_PATHS = NO;
				ASSETCATALOG_COMPILER_GENERATE_SWIFT_ASSET_SYMBOL_EXTENSIONS = YES;
				CLANG_ANALYZER_NONNULL = YES;
				CLANG_ANALYZER_NUMBER_OBJECT_CONVERSION = YES_AGGRESSIVE;
				CLANG_CXX_LANGUAGE_STANDARD = "gnu++20";
				CLANG_ENABLE_MODULES = YES;
				CLANG_ENABLE_OBJC_ARC = YES;
				CLANG_ENABLE_OBJC_WEAK = YES;
				CLANG_WARN_BLOCK_CAPTURE_AUTORELEASING = YES;
				CLANG_WARN_BOOL_CONVERSION = YES;
				CLANG_WARN_COMMA = YES;
				CLANG_WARN_CONSTANT_CONVERSION = YES;
				CLANG_WARN_DEPRECATED_OBJC_IMPLEMENTATIONS = YES;
				CLANG_WARN_DIRECT_OBJC_ISA_USAGE = YES_ERROR;
				CLANG_WARN_DOCUMENTATION_COMMENTS = YES;
				CLANG_WARN_EMPTY_BODY = YES;
				CLANG_WARN_ENUM_CONVERSION = YES;
				CLANG_WARN_INFINITE_RECURSION = YES;
				CLANG_WARN_INT_CONVERSION = YES;
				CLANG_WARN_NON_LITERAL_NULL_CONVERSION = YES;
				CLANG_WARN_OBJC_IMPLICIT_RETAIN_SELF = YES;
				CLANG_WARN_OBJC_LITERAL_CONVERSION = YES;
				CLANG_WARN_OBJC_ROOT_CLASS = YES_ERROR;
				CLANG_WARN_QUOTED_INCLUDE_IN_FRAMEWORK_HEADER = YES;
				CLANG_WARN_RANGE_LOOP_ANALYSIS = YES;
				CLANG_WARN_STRICT_PROTOTYPES = YES;
				CLANG_WARN_SUSPICIOUS_MOVE = YES;
				CLANG_WARN_UNGUARDED_AVAILABILITY = YES_AGGRESSIVE;
				CLANG_WARN_UNREACHABLE_CODE = YES;
				CLANG_WARN__DUPLICATE_METHOD_MATCH = YES;
				COPY_PHASE_STRIP = NO;
				DEBUG_INFORMATION_FORMAT = dwarf;
				ENABLE_STRICT_OBJC_MSGSEND = YES;
				ENABLE_TESTABILITY = YES;
				ENABLE_USER_SCRIPT_SANDBOXING = YES;
				GCC_C_LANGUAGE_STANDARD = gnu17;
				GCC_DYNAMIC_NO_PIC = NO;
				GCC_NO_COMMON_BLOCKS = YES;
				GCC_OPTIMIZATION_LEVEL = 0;
				GCC_PREPROCESSOR_DEFINITIONS = (
					"DEBUG=1",
					"$(inherited)",
				);
				GCC_WARN_64_TO_32_BIT_CONVERSION = YES;
				GCC_WARN_ABOUT_RETURN_TYPE = YES_ERROR;
				GCC_WARN_UNDECLARED_SELECTOR = YES;
				GCC_WARN_UNINITIALIZED_AUTOS = YES_AGGRESSIVE;
				GCC_WARN_UNUSED_FUNCTION = YES;
				GCC_WARN_UNUSED_VARIABLE = YES;
				IPHONEOS_DEPLOYMENT_TARGET = 17.2;
				LOCALIZATION_PREFERS_STRING_CATALOGS = YES;
				MTL_ENABLE_DEBUG_INFO = INCLUDE_SOURCE;
				MTL_FAST_MATH = YES;
				ONLY_ACTIVE_ARCH = YES;
				SDKROOT = iphoneos;
				SWIFT_ACTIVE_COMPILATION_CONDITIONS = "DEBUG $(inherited)";
				SWIFT_OPTIMIZATION_LEVEL = "-Onone";
			};
			name = Debug;
		};
		55F0550F2D5577F5002A5940 /* Release */ = {
			isa = XCBuildConfiguration;
			buildSettings = {
				ALWAYS_SEARCH_USER_PATHS = NO;
				ASSETCATALOG_COMPILER_GENERATE_SWIFT_ASSET_SYMBOL_EXTENSIONS = YES;
				CLANG_ANALYZER_NONNULL = YES;
				CLANG_ANALYZER_NUMBER_OBJECT_CONVERSION = YES_AGGRESSIVE;
				CLANG_CXX_LANGUAGE_STANDARD = "gnu++20";
				CLANG_ENABLE_MODULES = YES;
				CLANG_ENABLE_OBJC_ARC = YES;
				CLANG_ENABLE_OBJC_WEAK = YES;
				CLANG_WARN_BLOCK_CAPTURE_AUTORELEASING = YES;
				CLANG_WARN_BOOL_CONVERSION = YES;
				CLANG_WARN_COMMA = YES;
				CLANG_WARN_CONSTANT_CONVERSION = YES;
				CLANG_WARN_DEPRECATED_OBJC_IMPLEMENTATIONS = YES;
				CLANG_WARN_DIRECT_OBJC_ISA_USAGE = YES_ERROR;
				CLANG_WARN_DOCUMENTATION_COMMENTS = YES;
				CLANG_WARN_EMPTY_BODY = YES;
				CLANG_WARN_ENUM_CONVERSION = YES;
				CLANG_WARN_INFINITE_RECURSION = YES;
				CLANG_WARN_INT_CONVERSION = YES;
				CLANG_WARN_NON_LITERAL_NULL_CONVERSION = YES;
				CLANG_WARN_OBJC_IMPLICIT_RETAIN_SELF = YES;
				CLANG_WARN_OBJC_LITERAL_CONVERSION = YES;
				CLANG_WARN_OBJC_ROOT_CLASS = YES_ERROR;
				CLANG_WARN_QUOTED_INCLUDE_IN_FRAMEWORK_HEADER = YES;
				CLANG_WARN_RANGE_LOOP_ANALYSIS = YES;
				CLANG_WARN_STRICT_PROTOTYPES = YES;
				CLANG_WARN_SUSPICIOUS_MOVE = YES;
				CLANG_WARN_UNGUARDED_AVAILABILITY = YES_AGGRESSIVE;
				CLANG_WARN_UNREACHABLE_CODE = YES;
				CLANG_WARN__DUPLICATE_METHOD_MATCH = YES;
				COPY_PHASE_STRIP = NO;
				DEBUG_INFORMATION_FORMAT = "dwarf-with-dsym";
				ENABLE_NS_ASSERTIONS = NO;
				ENABLE_STRICT_OBJC_MSGSEND = YES;
				ENABLE_USER_SCRIPT_SANDBOXING = YES;
				GCC_C_LANGUAGE_STANDARD = gnu17;
				GCC_NO_COMMON_BLOCKS = YES;
				GCC_WARN_64_TO_32_BIT_CONVERSION = YES;
				GCC_WARN_ABOUT_RETURN_TYPE = YES_ERROR;
				GCC_WARN_UNDECLARED_SELECTOR = YES;
				GCC_WARN_UNINITIALIZED_AUTOS = YES_AGGRESSIVE;
				GCC_WARN_UNUSED_FUNCTION = YES;
				GCC_WARN_UNUSED_VARIABLE = YES;
				IPHONEOS_DEPLOYMENT_TARGET = 17.2;
				LOCALIZATION_PREFERS_STRING_CATALOGS = YES;
				MTL_ENABLE_DEBUG_INFO = NO;
				MTL_FAST_MATH = YES;
				SDKROOT = iphoneos;
				SWIFT_COMPILATION_MODE = wholemodule;
				VALIDATE_PRODUCT = YES;
			};
			name = Release;
		};
		55F055112D5577F5002A5940 /* Debug */ = {
			isa = XCBuildConfiguration;
			buildSettings = {
				ASSETCATALOG_COMPILER_APPICON_NAME = AppIcon;
				ASSETCATALOG_COMPILER_GLOBAL_ACCENT_COLOR_NAME = AccentColor;
				CODE_SIGN_STYLE = Automatic;
				CURRENT_PROJECT_VERSION = 1;
				DEVELOPMENT_ASSET_PATHS = "\"MyCats/Preview Content\"";
				DEVELOPMENT_TEAM = 43J5JBU2R4;
				ENABLE_PREVIEWS = YES;
				GENERATE_INFOPLIST_FILE = YES;
				INFOPLIST_KEY_UIApplicationSceneManifest_Generation = YES;
				INFOPLIST_KEY_UIApplicationSupportsIndirectInputEvents = YES;
				INFOPLIST_KEY_UILaunchScreen_Generation = YES;
				INFOPLIST_KEY_UILaunchStoryboardName = "Launch Screen.storyboard";
				INFOPLIST_KEY_UISupportedInterfaceOrientations_iPad = "UIInterfaceOrientationPortrait UIInterfaceOrientationPortraitUpsideDown UIInterfaceOrientationLandscapeLeft UIInterfaceOrientationLandscapeRight";
				INFOPLIST_KEY_UISupportedInterfaceOrientations_iPhone = "UIInterfaceOrientationPortrait UIInterfaceOrientationLandscapeLeft UIInterfaceOrientationLandscapeRight";
				LD_RUNPATH_SEARCH_PATHS = (
					"$(inherited)",
					"@executable_path/Frameworks",
				);
				MARKETING_VERSION = 1.0;
				PRODUCT_BUNDLE_IDENTIFIER = com.gustavoamaral.mycats.MyCats;
				PRODUCT_NAME = "$(TARGET_NAME)";
				SWIFT_EMIT_LOC_STRINGS = YES;
				SWIFT_VERSION = 5.0;
				TARGETED_DEVICE_FAMILY = "1,2";
			};
			name = Debug;
		};
		55F055122D5577F5002A5940 /* Release */ = {
			isa = XCBuildConfiguration;
			buildSettings = {
				ASSETCATALOG_COMPILER_APPICON_NAME = AppIcon;
				ASSETCATALOG_COMPILER_GLOBAL_ACCENT_COLOR_NAME = AccentColor;
				CODE_SIGN_STYLE = Automatic;
				CURRENT_PROJECT_VERSION = 1;
				DEVELOPMENT_ASSET_PATHS = "\"MyCats/Preview Content\"";
				DEVELOPMENT_TEAM = 43J5JBU2R4;
				ENABLE_PREVIEWS = YES;
				GENERATE_INFOPLIST_FILE = YES;
				INFOPLIST_KEY_UIApplicationSceneManifest_Generation = YES;
				INFOPLIST_KEY_UIApplicationSupportsIndirectInputEvents = YES;
				INFOPLIST_KEY_UILaunchScreen_Generation = YES;
				INFOPLIST_KEY_UILaunchStoryboardName = "Launch Screen.storyboard";
				INFOPLIST_KEY_UISupportedInterfaceOrientations_iPad = "UIInterfaceOrientationPortrait UIInterfaceOrientationPortraitUpsideDown UIInterfaceOrientationLandscapeLeft UIInterfaceOrientationLandscapeRight";
				INFOPLIST_KEY_UISupportedInterfaceOrientations_iPhone = "UIInterfaceOrientationPortrait UIInterfaceOrientationLandscapeLeft UIInterfaceOrientationLandscapeRight";
				LD_RUNPATH_SEARCH_PATHS = (
					"$(inherited)",
					"@executable_path/Frameworks",
				);
				MARKETING_VERSION = 1.0;
				PRODUCT_BUNDLE_IDENTIFIER = com.gustavoamaral.mycats.MyCats;
				PRODUCT_NAME = "$(TARGET_NAME)";
				SWIFT_EMIT_LOC_STRINGS = YES;
				SWIFT_VERSION = 5.0;
				TARGETED_DEVICE_FAMILY = "1,2";
			};
			name = Release;
		};
/* End XCBuildConfiguration section */

/* Begin XCConfigurationList section */
		55F054E52D5577F4002A5940 /* Build configuration list for PBXProject "MyCats" */ = {
			isa = XCConfigurationList;
			buildConfigurations = (
				55F0550E2D5577F5002A5940 /* Debug */,
				55F0550F2D5577F5002A5940 /* Release */,
			);
			defaultConfigurationIsVisible = 0;
			defaultConfigurationName = Release;
		};
		55F055102D5577F5002A5940 /* Build configuration list for PBXNativeTarget "MyCats" */ = {
			isa = XCConfigurationList;
			buildConfigurations = (
				55F055112D5577F5002A5940 /* Debug */,
				55F055122D5577F5002A5940 /* Release */,
			);
			defaultConfigurationIsVisible = 0;
			defaultConfigurationName = Release;
		};
/* End XCConfigurationList section */
	};
	rootObject = 55F054E22D5577F4002A5940 /* Project object */;
}
